
Microsoft Visual Studio Solution File, Format Version 12.00
# Visual Studio Version 16
VisualStudioVersion = 16.0.29209.62
MinimumVisualStudioVersion = 10.0.40219.1
Project("{2150E333-8FDC-42A3-9474-1A3956D46DE8}") = "04Appss", "04Appss", "{E133B877-8DA9-4BCE-9A96-2C7393C8AEC8}"
EndProject
Project("{FAE04EC0-301F-11D3-BF4B-00C04F79EFBC}") = "CROM.GC.web.application", "DEMOMVC.WEB\CROM.GC.web.application\CROM.GC.web.application.csproj", "{E1EC4BEE-6182-4FB5-AF32-4D7FB656117D}"
EndProject
Project("{FAE04EC0-301F-11D3-BF4B-00C04F79EFBC}") = "CROM.GC.Controllers", "DEMOMVC.WEB\CROM.GC.Controllers\CROM.GC.Controllers.csproj", "{79E2E07C-AA96-413D-8135-9F89A99C325E}"
EndProject
Project("{FAE04EC0-301F-11D3-BF4B-00C04F79EFBC}") = "CROM.GC.Models", "DEMOMVC.WEB\CROM.GC.Models\CROM.GC.Models.csproj", "{02CDD6DB-C4A7-407E-A278-B1018A74BF59}"
EndProject
Project("{2150E333-8FDC-42A3-9474-1A3956D46DE8}") = "05WebApp", "05WebApp", "{4EE0E1DD-153C-4EB7-BF73-4DE77556D974}"
EndProject
Project("{FAE04EC0-301F-11D3-BF4B-00C04F79EFBC}") = "System.Demo.BusinessEntities", "DEMOMVC.WEB\System.Demo.BusinessEntities\System.Demo.BusinessEntities.csproj", "{BEBA3554-C635-4B13-8008-EC4C48DB0A15}"
EndProject
Project("{FAE04EC0-301F-11D3-BF4B-00C04F79EFBC}") = "System.Demo.DataAccess", "DEMOMVC.WEB\System.Demo.DataAccess\System.Demo.DataAccess.csproj", "{5B15BC13-CB6B-4357-AFC4-EC41E2C34BF0}"
EndProject
Project("{FAE04EC0-301F-11D3-BF4B-00C04F79EFBC}") = "System.Demo.BusinessLogic", "DEMOMVC.WEB\System.Demo.BusinessLogic\System.Demo.BusinessLogic.csproj", "{627A87F7-FA3B-4373-A66C-67A046CB8964}"
EndProject
Project("{FAE04EC0-301F-11D3-BF4B-00C04F79EFBC}") = "System.Demo.Tools", "DEMOMVC.WEB\System.Demo.Tools\System.Demo.Tools.csproj", "{E9E2C3C1-14E0-48BD-B84D-8F00431CA426}"
EndProject
Project("{2150E333-8FDC-42A3-9474-1A3956D46DE8}") = "00Tools", "00Tools", "{A38748A3-6E1E-44BA-9262-3120A556B389}"
EndProject
Project("{2150E333-8FDC-42A3-9474-1A3956D46DE8}") = "01Entities", "01Entities", "{A939AEA7-CE81-4830-A011-8553CC285684}"
EndProject
Project("{2150E333-8FDC-42A3-9474-1A3956D46DE8}") = "02Data", "02Data", "{1EBDD754-098F-497D-A1B2-CD105E7DC4DF}"
EndProject
Project("{2150E333-8FDC-42A3-9474-1A3956D46DE8}") = "03Logic", "03Logic", "{71A5D99F-02E3-4010-9C94-A707263A1F58}"
EndProject
Global
	GlobalSection(SolutionConfigurationPlatforms) = preSolution
		Debug|Any CPU = Debug|Any CPU
		Debug|x64 = Debug|x64
		Release|Any CPU = Release|Any CPU
		Release|x64 = Release|x64
	EndGlobalSection
	GlobalSection(ProjectConfigurationPlatforms) = postSolution
		{E1EC4BEE-6182-4FB5-AF32-4D7FB656117D}.Debug|Any CPU.ActiveCfg = Debug|Any CPU
		{E1EC4BEE-6182-4FB5-AF32-4D7FB656117D}.Debug|Any CPU.Build.0 = Debug|Any CPU
		{E1EC4BEE-6182-4FB5-AF32-4D7FB656117D}.Debug|x64.ActiveCfg = Debug|x64
		{E1EC4BEE-6182-4FB5-AF32-4D7FB656117D}.Debug|x64.Build.0 = Debug|x64
		{E1EC4BEE-6182-4FB5-AF32-4D7FB656117D}.Release|Any CPU.ActiveCfg = Release|Any CPU
		{E1EC4BEE-6182-4FB5-AF32-4D7FB656117D}.Release|Any CPU.Build.0 = Release|Any CPU
		{E1EC4BEE-6182-4FB5-AF32-4D7FB656117D}.Release|x64.ActiveCfg = Release|x64
		{E1EC4BEE-6182-4FB5-AF32-4D7FB656117D}.Release|x64.Build.0 = Release|x64
		{79E2E07C-AA96-413D-8135-9F89A99C325E}.Debug|Any CPU.ActiveCfg = Debug|Any CPU
		{79E2E07C-AA96-413D-8135-9F89A99C325E}.Debug|Any CPU.Build.0 = Debug|Any CPU
		{79E2E07C-AA96-413D-8135-9F89A99C325E}.Debug|x64.ActiveCfg = Debug|x64
		{79E2E07C-AA96-413D-8135-9F89A99C325E}.Debug|x64.Build.0 = Debug|x64
		{79E2E07C-AA96-413D-8135-9F89A99C325E}.Release|Any CPU.ActiveCfg = Release|Any CPU
		{79E2E07C-AA96-413D-8135-9F89A99C325E}.Release|Any CPU.Build.0 = Release|Any CPU
		{79E2E07C-AA96-413D-8135-9F89A99C325E}.Release|x64.ActiveCfg = Release|x64
		{79E2E07C-AA96-413D-8135-9F89A99C325E}.Release|x64.Build.0 = Release|x64
		{02CDD6DB-C4A7-407E-A278-B1018A74BF59}.Debug|Any CPU.ActiveCfg = Debug|Any CPU
		{02CDD6DB-C4A7-407E-A278-B1018A74BF59}.Debug|Any CPU.Build.0 = Debug|Any CPU
		{02CDD6DB-C4A7-407E-A278-B1018A74BF59}.Debug|x64.ActiveCfg = Debug|x64
		{02CDD6DB-C4A7-407E-A278-B1018A74BF59}.Debug|x64.Build.0 = Debug|x64
		{02CDD6DB-C4A7-407E-A278-B1018A74BF59}.Release|Any CPU.ActiveCfg = Release|Any CPU
		{02CDD6DB-C4A7-407E-A278-B1018A74BF59}.Release|Any CPU.Build.0 = Release|Any CPU
		{02CDD6DB-C4A7-407E-A278-B1018A74BF59}.Release|x64.ActiveCfg = Release|x64
		{02CDD6DB-C4A7-407E-A278-B1018A74BF59}.Release|x64.Build.0 = Release|x64
		{BEBA3554-C635-4B13-8008-EC4C48DB0A15}.Debug|Any CPU.ActiveCfg = Debug|Any CPU
		{BEBA3554-C635-4B13-8008-EC4C48DB0A15}.Debug|Any CPU.Build.0 = Debug|Any CPU
		{BEBA3554-C635-4B13-8008-EC4C48DB0A15}.Debug|x64.ActiveCfg = Debug|Any CPU
		{BEBA3554-C635-4B13-8008-EC4C48DB0A15}.Debug|x64.Build.0 = Debug|Any CPU
		{BEBA3554-C635-4B13-8008-EC4C48DB0A15}.Release|Any CPU.ActiveCfg = Release|Any CPU
		{BEBA3554-C635-4B13-8008-EC4C48DB0A15}.Release|Any CPU.Build.0 = Release|Any CPU
		{BEBA3554-C635-4B13-8008-EC4C48DB0A15}.Release|x64.ActiveCfg = Release|Any CPU
		{BEBA3554-C635-4B13-8008-EC4C48DB0A15}.Release|x64.Build.0 = Release|Any CPU
		{5B15BC13-CB6B-4357-AFC4-EC41E2C34BF0}.Debug|Any CPU.ActiveCfg = Debug|Any CPU
		{5B15BC13-CB6B-4357-AFC4-EC41E2C34BF0}.Debug|Any CPU.Build.0 = Debug|Any CPU
		{5B15BC13-CB6B-4357-AFC4-EC41E2C34BF0}.Debug|x64.ActiveCfg = Debug|Any CPU
		{5B15BC13-CB6B-4357-AFC4-EC41E2C34BF0}.Debug|x64.Build.0 = Debug|Any CPU
		{5B15BC13-CB6B-4357-AFC4-EC41E2C34BF0}.Release|Any CPU.ActiveCfg = Release|Any CPU
		{5B15BC13-CB6B-4357-AFC4-EC41E2C34BF0}.Release|Any CPU.Build.0 = Release|Any CPU
		{5B15BC13-CB6B-4357-AFC4-EC41E2C34BF0}.Release|x64.ActiveCfg = Release|Any CPU
		{5B15BC13-CB6B-4357-AFC4-EC41E2C34BF0}.Release|x64.Build.0 = Release|Any CPU
		{627A87F7-FA3B-4373-A66C-67A046CB8964}.Debug|Any CPU.ActiveCfg = Debug|Any CPU
		{627A87F7-FA3B-4373-A66C-67A046CB8964}.Debug|Any CPU.Build.0 = Debug|Any CPU
		{627A87F7-FA3B-4373-A66C-67A046CB8964}.Debug|x64.ActiveCfg = Debug|Any CPU
		{627A87F7-FA3B-4373-A66C-67A046CB8964}.Debug|x64.Build.0 = Debug|Any CPU
		{627A87F7-FA3B-4373-A66C-67A046CB8964}.Release|Any CPU.ActiveCfg = Release|Any CPU
		{627A87F7-FA3B-4373-A66C-67A046CB8964}.Release|Any CPU.Build.0 = Release|Any CPU
		{627A87F7-FA3B-4373-A66C-67A046CB8964}.Release|x64.ActiveCfg = Release|Any CPU
		{627A87F7-FA3B-4373-A66C-67A046CB8964}.Release|x64.Build.0 = Release|Any CPU
		{E9E2C3C1-14E0-48BD-B84D-8F00431CA426}.Debug|Any CPU.ActiveCfg = Debug|Any CPU
		{E9E2C3C1-14E0-48BD-B84D-8F00431CA426}.Debug|Any CPU.Build.0 = Debug|Any CPU
		{E9E2C3C1-14E0-48BD-B84D-8F00431CA426}.Debug|x64.ActiveCfg = Debug|Any CPU
		{E9E2C3C1-14E0-48BD-B84D-8F00431CA426}.Debug|x64.Build.0 = Debug|Any CPU
		{E9E2C3C1-14E0-48BD-B84D-8F00431CA426}.Release|Any CPU.ActiveCfg = Release|Any CPU
		{E9E2C3C1-14E0-48BD-B84D-8F00431CA426}.Release|Any CPU.Build.0 = Release|Any CPU
		{E9E2C3C1-14E0-48BD-B84D-8F00431CA426}.Release|x64.ActiveCfg = Release|Any CPU
		{E9E2C3C1-14E0-48BD-B84D-8F00431CA426}.Release|x64.Build.0 = Release|Any CPU
	EndGlobalSection
	GlobalSection(SolutionProperties) = preSolution
		HideSolutionNode = FALSE
	EndGlobalSection
	GlobalSection(NestedProjects) = preSolution
		{E1EC4BEE-6182-4FB5-AF32-4D7FB656117D} = {4EE0E1DD-153C-4EB7-BF73-4DE77556D974}
		{79E2E07C-AA96-413D-8135-9F89A99C325E} = {E133B877-8DA9-4BCE-9A96-2C7393C8AEC8}
		{02CDD6DB-C4A7-407E-A278-B1018A74BF59} = {E133B877-8DA9-4BCE-9A96-2C7393C8AEC8}
		{BEBA3554-C635-4B13-8008-EC4C48DB0A15} = {A939AEA7-CE81-4830-A011-8553CC285684}
		{5B15BC13-CB6B-4357-AFC4-EC41E2C34BF0} = {1EBDD754-098F-497D-A1B2-CD105E7DC4DF}
		{627A87F7-FA3B-4373-A66C-67A046CB8964} = {71A5D99F-02E3-4010-9C94-A707263A1F58}
		{E9E2C3C1-14E0-48BD-B84D-8F00431CA426} = {A38748A3-6E1E-44BA-9262-3120A556B389}
	EndGlobalSection
	GlobalSection(ExtensibilityGlobals) = postSolution
		SolutionGuid = {1D8DA20A-C7BC-4A6D-A4E0-F26286BD9CA6}
	EndGlobalSection
EndGlobal
